
Microsoft Visual Studio Solution File, Format Version 12.00
# Visual Studio 14
VisualStudioVersion = 14.0.24720.0
MinimumVisualStudioVersion = 10.0.40219.1
Project("{FAE04EC0-301F-11D3-BF4B-00C04F79EFBC}") = "Tellisense", "Tellisense\Tellisense.csproj", "{7751A6C9-3D45-46CB-BF57-2AAC9BE137A5}"
EndProject
Project("{FAE04EC0-301F-11D3-BF4B-00C04F79EFBC}") = "Tellisense.Core", "Tellisense.Core\Tellisense.Core.csproj", "{09A9E528-62D9-455D-B1BE-DC9F522EE336}"
EndProject
Project("{FAE04EC0-301F-11D3-BF4B-00C04F79EFBC}") = "Tellisense.Data", "Tellisense.Data\Tellisense.Data.csproj", "{4B2E0766-D04B-4609-A7C9-5293E77BBC0E}"
EndProject
Global
	GlobalSection(SolutionConfigurationPlatforms) = preSolution
		Debug|Any CPU = Debug|Any CPU
		Release|Any CPU = Release|Any CPU
	EndGlobalSection
	GlobalSection(ProjectConfigurationPlatforms) = postSolution
		{7751A6C9-3D45-46CB-BF57-2AAC9BE137A5}.Debug|Any CPU.ActiveCfg = Debug|Any CPU
		{7751A6C9-3D45-46CB-BF57-2AAC9BE137A5}.Debug|Any CPU.Build.0 = Debug|Any CPU
		{7751A6C9-3D45-46CB-BF57-2AAC9BE137A5}.Release|Any CPU.ActiveCfg = Release|Any CPU
		{7751A6C9-3D45-46CB-BF57-2AAC9BE137A5}.Release|Any CPU.Build.0 = Release|Any CPU
		{09A9E528-62D9-455D-B1BE-DC9F522EE336}.Debug|Any CPU.ActiveCfg = Debug|Any CPU
		{09A9E528-62D9-455D-B1BE-DC9F522EE336}.Debug|Any CPU.Build.0 = Debug|Any CPU
		{09A9E528-62D9-455D-B1BE-DC9F522EE336}.Release|Any CPU.ActiveCfg = Release|Any CPU
		{09A9E528-62D9-455D-B1BE-DC9F522EE336}.Release|Any CPU.Build.0 = Release|Any CPU
		{4B2E0766-D04B-4609-A7C9-5293E77BBC0E}.Debug|Any CPU.ActiveCfg = Debug|Any CPU
		{4B2E0766-D04B-4609-A7C9-5293E77BBC0E}.Debug|Any CPU.Build.0 = Debug|Any CPU
		{4B2E0766-D04B-4609-A7C9-5293E77BBC0E}.Release|Any CPU.ActiveCfg = Release|Any CPU
		{4B2E0766-D04B-4609-A7C9-5293E77BBC0E}.Release|Any CPU.Build.0 = Release|Any CPU
	EndGlobalSection
	GlobalSection(SolutionProperties) = preSolution
		HideSolutionNode = FALSE
	EndGlobalSection
EndGlobal
